
Microsoft Visual Studio Solution File, Format Version 12.00
# Visual Studio Version 17
VisualStudioVersion = 17.3.32901.215
MinimumVisualStudioVersion = 10.0.40219.1
Project("{FAE04EC0-301F-11D3-BF4B-00C04F79EFBC}") = "Randevu-bilgileri", "Randevu-bilgileri-fotoraf-dgv-sinif\Randevu-bilgileri.csproj", "{E0DF4FD2-997C-4096-99C0-7A1FAB04BA19}"
EndProject
Global
	GlobalSection(SolutionConfigurationPlatforms) = preSolution
		Debug|Any CPU = Debug|Any CPU
		Release|Any CPU = Release|Any CPU
	EndGlobalSection
	GlobalSection(ProjectConfigurationPlatforms) = postSolution
		{E0DF4FD2-997C-4096-99C0-7A1FAB04BA19}.Debug|Any CPU.ActiveCfg = Debug|Any CPU
		{E0DF4FD2-997C-4096-99C0-7A1FAB04BA19}.Debug|Any CPU.Build.0 = Debug|Any CPU
		{E0DF4FD2-997C-4096-99C0-7A1FAB04BA19}.Release|Any CPU.ActiveCfg = Release|Any CPU
		{E0DF4FD2-997C-4096-99C0-7A1FAB04BA19}.Release|Any CPU.Build.0 = Release|Any CPU
	EndGlobalSection
	GlobalSection(SolutionProperties) = preSolution
		HideSolutionNode = FALSE
	EndGlobalSection
	GlobalSection(ExtensibilityGlobals) = postSolution
		SolutionGuid = {EA38BD87-11EE-458D-9D8E-137B89F22F23}
	EndGlobalSection
EndGlobal
